version = 1
revision = 2
requires-python = ">=3.13"

[[package]]
name = "asgiref"
version = "3.9.1"
source = { registry = "https://pypi.org/simple" }
sdist = { url = "https://files.pythonhosted.org/packages/90/61/0aa957eec22ff70b830b22ff91f825e70e1ef732c06666a805730f28b36b/asgiref-3.9.1.tar.gz", hash = "sha256:a5ab6582236218e5ef1648f242fd9f10626cfd4de8dc377db215d5d5098e3142", size = 36870, upload-time = "2025-07-08T09:07:43.344Z" }
wheels = [
    { url = "https://files.pythonhosted.org/packages/7c/3c/0464dcada90d5da0e71018c04a140ad6349558afb30b3051b4264cc5b965/asgiref-3.9.1-py3-none-any.whl", hash = "sha256:f3bba7092a48005b5f5bacd747d36ee4a5a61f4a269a6df590b43144355ebd2c", size = 23790, upload-time = "2025-07-08T09:07:41.548Z" },
]

[[package]]
name = "central"
version = "0.1.0"
source = { virtual = "." }
dependencies = [
    { name = "django" },
    { name = "django-htmx" },
    { name = "django-tailwind", extra = ["reload"] },
    { name = "django-unfold" },
]

[package.metadata]
requires-dist = [
    { name = "django", specifier = ">=5.2.5" },
    { name = "django-htmx", specifier = ">=1.23.2" },
    { name = "django-tailwind", extras = ["reload"], specifier = ">=4.2.0" },
    { name = "django-unfold", specifier = ">=0.63.0" },
]

[[package]]
name = "django"
version = "5.2.5"
source = { registry = "https://pypi.org/simple" }
dependencies = [
    { name = "asgiref" },
    { name = "sqlparse" },
    { name = "tzdata", marker = "sys_platform == 'win32'" },
]
sdist = { url = "https://files.pythonhosted.org/packages/62/9b/779f853c3d2d58b9e08346061ff3e331cdec3fe3f53aae509e256412a593/django-5.2.5.tar.gz", hash = "sha256:0745b25681b129a77aae3d4f6549b62d3913d74407831abaa0d9021a03954bae", size = 10859748, upload-time = "2025-08-06T08:26:29.978Z" }
wheels = [
    { url = "https://files.pythonhosted.org/packages/9d/6e/98a1d23648e0085bb5825326af17612ecd8fc76be0ce96ea4dc35e17b926/django-5.2.5-py3-none-any.whl", hash = "sha256:2b2ada0ee8a5ff743a40e2b9820d1f8e24c11bac9ae6469cd548f0057ea6ddcd", size = 8302999, upload-time = "2025-08-06T08:26:23.562Z" },
]

[[package]]
name = "django-browser-reload"
version = "1.18.0"
source = { registry = "https://pypi.org/simple" }
dependencies = [
    { name = "asgiref" },
    { name = "django" },
]
sdist = { url = "https://files.pythonhosted.org/packages/3b/41/84eaa4f2b7f764e56e01c4ee49aa12bdea30ae50fd0d3ef7c2690b0c4ec2/django_browser_reload-1.18.0.tar.gz", hash = "sha256:c5f0b134723cbf2a0dc9ae1ee1d38e42db28fe23c74cdee613ba3ef286d04735", size = 14319, upload-time = "2025-02-06T22:14:40.799Z" }
wheels = [
    { url = "https://files.pythonhosted.org/packages/e4/9d/1322dc4bce4982d1eadd3a62802c996ae0303aad13d9ad88c1d35025f73d/django_browser_reload-1.18.0-py3-none-any.whl", hash = "sha256:ed4cc2fb83c3bf6c30b54107a1a6736c0b896e62e4eba666d81005b9f2ecf6f8", size = 12230, upload-time = "2025-02-06T22:14:36.87Z" },
]

[[package]]
name = "django-htmx"
version = "1.23.2"
source = { registry = "https://pypi.org/simple" }
dependencies = [
    { name = "asgiref" },
    { name = "django" },
]
sdist = { url = "https://files.pythonhosted.org/packages/84/d4/1709593b01799c29c8d5a6f72973d787c8b881b0f8e2767b9e913fe2c688/django_htmx-1.23.2.tar.gz", hash = "sha256:65a8c8825fcae983b94aedce26af96a70717ab185d55cdb8a7a4bb68863ab079", size = 64415, upload-time = "2025-06-27T14:09:32.539Z" }
wheels = [
    { url = "https://files.pythonhosted.org/packages/3c/84/d5b29c102743abd61e1852b619263c8938b8516c71a138f4053114270743/django_htmx-1.23.2-py3-none-any.whl", hash = "sha256:c288fe92bdcfa7c2ed9665d6d23cc55c6693a7cc8d22cf0a01e1e38318874030", size = 61503, upload-time = "2025-06-27T14:09:31.272Z" },
]

[[package]]
name = "django-tailwind"
version = "4.2.0"
source = { registry = "https://pypi.org/simple" }
dependencies = [
    { name = "django" },
]
sdist = { url = "https://files.pythonhosted.org/packages/1e/75/f244c147c6fe04a565f36721cf04d8b36c8bae8bdd17ec1656603d71ce05/django_tailwind-4.2.0.tar.gz", hash = "sha256:60bae45a9981bdf3ebaaa4a8e588533327c90e5857a64f57c26a39b7f234ac0e", size = 11734, upload-time = "2025-07-08T20:56:45.185Z" }
wheels = [
    { url = "https://files.pythonhosted.org/packages/b8/f5/f91497da51098d7a25ee7409a49d24c880e3af3664da0872dbe238a7174b/django_tailwind-4.2.0-py3-none-any.whl", hash = "sha256:ff40ccb263faefac555fbaa340d6014f2b07fee6be2c8d5659f2cd63dbce02e9", size = 19225, upload-time = "2025-07-08T20:56:43.908Z" },
]

[package.optional-dependencies]
reload = [
    { name = "django-browser-reload" },
]

[[package]]
name = "django-unfold"
version = "0.63.0"
source = { registry = "https://pypi.org/simple" }
dependencies = [
    { name = "django" },
]
sdist = { url = "https://files.pythonhosted.org/packages/58/03/aeba7c10824f9631980e8342ab8d872c37b353e899c1e2dc5a94467b5abe/django_unfold-0.63.0.tar.gz", hash = "sha256:a32bb7c4a860a2e95a597778ce4f50f1d1a809a6ac06f6551dd0ebd371611cdf", size = 1067071, upload-time = "2025-07-21T07:04:18.269Z" }
wheels = [
    { url = "https://files.pythonhosted.org/packages/17/68/2023a7dfaf2d967dc62ec68c506c00a022a192b7523e0506fab270d041e3/django_unfold-0.63.0-py3-none-any.whl", hash = "sha256:9bab010edc95965d1811aeca2ed1b7621aa5b5483e1c673146dc2d7b3b388ea4", size = 1175337, upload-time = "2025-07-21T07:04:16.599Z" },
]

[[package]]
name = "sqlparse"
version = "0.5.3"
source = { registry = "https://pypi.org/simple" }
sdist = { url = "https://files.pythonhosted.org/packages/e5/40/edede8dd6977b0d3da179a342c198ed100dd2aba4be081861ee5911e4da4/sqlparse-0.5.3.tar.gz", hash = "sha256:09f67787f56a0b16ecdbde1bfc7f5d9c3371ca683cfeaa8e6ff60b4807ec9272", size = 84999, upload-time = "2024-12-10T12:05:30.728Z" }
wheels = [
    { url = "https://files.pythonhosted.org/packages/a9/5c/bfd6bd0bf979426d405cc6e71eceb8701b148b16c21d2dc3c261efc61c7b/sqlparse-0.5.3-py3-none-any.whl", hash = "sha256:cf2196ed3418f3ba5de6af7e82c694a9fbdbfecccdfc72e281548517081f16ca", size = 44415, upload-time = "2024-12-10T12:05:27.824Z" },
]

[[package]]
name = "tzdata"
version = "2025.2"
source = { registry = "https://pypi.org/simple" }
sdist = { url = "https://files.pythonhosted.org/packages/95/32/1a225d6164441be760d75c2c42e2780dc0873fe382da3e98a2e1e48361e5/tzdata-2025.2.tar.gz", hash = "sha256:b60a638fcc0daffadf82fe0f57e53d06bdec2f36c4df66280ae79bce6bd6f2b9", size = 196380, upload-time = "2025-03-23T13:54:43.652Z" }
wheels = [
    { url = "https://files.pythonhosted.org/packages/5c/23/c7abc0ca0a1526a0774eca151daeb8de62ec457e77262b66b359c3c7679e/tzdata-2025.2-py2.py3-none-any.whl", hash = "sha256:1a403fada01ff9221ca8044d701868fa132215d84beb92242d9acd2147f667a8", size = 347839, upload-time = "2025-03-23T13:54:41.845Z" },
]
